// !$*UTF8*$!
{
	archiveVersion = 1;
	classes = {
	};
	objectVersion = 46;
	objects = {

/* Begin PBXBuildFile section */
		9B9F0D4D1B6C026E00511ADA /* main.c in Sources */ = {isa = PBXBuildFile; fileRef = 9B9F0D4C1B6C026E00511ADA /* main.c */; };
/* End PBXBuildFile section */

/* Begin PBXCopyFilesBuildPhase section */
		9B9F0D471B6C026E00511ADA /* CopyFiles */ = {
			isa = PBXCopyFilesBuildPhase;
			buildActionMask = 2147483647;
			dstPath = /usr/share/man/man1/;
			dstSubfolderSpec = 0;
			files = (
			);
			runOnlyForDeploymentPostprocessing = 1;
		};
/* End PBXCopyFilesBuildPhase section */

/* Begin PBXFileReference section */
		9B9F0D491B6C026E00511ADA /* FormatSpecifiers */ = {isa = PBXFileReference; explicitFileType = "compiled.mach-o.executable"; includeInIndex = 0; path = FormatSpecifiers; sourceTree = BUILT_PRODUCTS_DIR; };
		9B9F0D4C1B6C026E00511ADA /* main.c */ = {isa = PBXFileReference; lastKnownFileType = sourcecode.c.c; path = main.c; sourceTree = "<group>"; };
/* End PBXFileReference section */

/* Begin PBXFrameworksBuildPhase section */
		9B9F0D461B6C026E00511ADA /* Frameworks */ = {
			isa = PBXFrameworksBuildPhase;
			buildActionMask = 2147483647;
			files = (
			);
			runOnlyForDeploymentPostprocessing = 0;
		};
/* End PBXFrameworksBuildPhase section */

/* Begin PBXGroup section */
		9B9F0D401B6C026E00511ADA = {
			isa = PBXGroup;
			children = (
				9B9F0D4B1B6C026E00511ADA /* FormatSpecifiers */,
				9B9F0D4A1B6C026E00511ADA /* Products */,
			);
			sourceTree = "<group>";
		};
		9B9F0D4A1B6C026E00511ADA /* Products */ = {
			isa = PBXGroup;
			children = (
				9B9F0D491B6C026E00511ADA /* FormatSpecifiers */,
			);
			name = Products;
			sourceTree = "<group>";
		};
		9B9F0D4B1B6C026E00511ADA /* FormatSpecifiers */ = {
			isa = PBXGroup;
			children = (
				9B9F0D4C1B6C026E00511ADA /* main.c */,
			);
			path = FormatSpecifiers;
			sourceTree = "<group>";
		};
/* End PBXGroup section */

/* Begin PBXNativeTarget section */
		9B9F0D481B6C026E00511ADA /* FormatSpecifiers */ = {
			isa = PBXNativeTarget;
			buildConfigurationList = 9B9F0D501B6C026E00511ADA /* Build configuration list for PBXNativeTarget "FormatSpecifiers" */;
			buildPhases = (
				9B9F0D451B6C026E00511ADA /* Sources */,
				9B9F0D461B6C026E00511ADA /* Frameworks */,
				9B9F0D471B6C026E00511ADA /* CopyFiles */,
			);
			buildRules = (
			);
			dependencies = (
			);
			name = FormatSpecifiers;
			productName = FormatSpecifiers;
			productReference = 9B9F0D491B6C026E00511ADA /* FormatSpecifiers */;
			productType = "com.apple.product-type.tool";
		};
/* End PBXNativeTarget section */

/* Begin PBXProject section */
		9B9F0D411B6C026E00511ADA /* Project object */ = {
			isa = PBXProject;
			attributes = {
				LastUpgradeCheck = 0700;
				ORGANIZATIONNAME = igneus;
				TargetAttributes = {
					9B9F0D481B6C026E00511ADA = {
						CreatedOnToolsVersion = 7.0;
					};
				};
			};
			buildConfigurationList = 9B9F0D441B6C026E00511ADA /* Build configuration list for PBXProject "FormatSpecifiers" */;
			compatibilityVersion = "Xcode 3.2";
			developmentRegion = English;
			hasScannedForEncodings = 0;
			knownRegions = (
				en,
			);
			mainGroup = 9B9F0D401B6C026E00511ADA;
			productRefGroup = 9B9F0D4A1B6C026E00511ADA /* Products */;
			projectDirPath = "";
			projectRoot = "";
			targets = (
				9B9F0D481B6C026E00511ADA /* FormatSpecifiers */,
			);
		};
/* End PBXProject section */

/* Begin PBXSourcesBuildPhase section */
		9B9F0D451B6C026E00511ADA /* Sources */ = {
			isa = PBXSourcesBuildPhase;
			buildActionMask = 2147483647;
			files = (
				9B9F0D4D1B6C026E00511ADA /* main.c in Sources */,
			);
			runOnlyForDeploymentPostprocessing = 0;
		};
/* End PBXSourcesBuildPhase section */

/* Begin XCBuildConfiguration section */
		9B9F0D4E1B6C026E00511ADA /* Debug */ = {
			isa = XCBuildConfiguration;
			buildSettings = {
				ALWAYS_SEARCH_USER_PATHS = NO;
				CLANG_CXX_LANGUAGE_STANDARD = "gnu++0x";
				CLANG_CXX_LIBRARY = "libc++";
				CLANG_ENABLE_MODULES = YES;
				CLANG_ENABLE_OBJC_ARC = YES;
				CLANG_WARN_BOOL_CONVERSION = YES;
				CLANG_WARN_CONSTANT_CONVERSION = YES;
				CLANG_WARN_DIRECT_OBJC_ISA_USAGE = YES_ERROR;
				CLANG_WARN_EMPTY_BODY = YES;
				CLANG_WARN_ENUM_CONVERSION = YES;
				CLANG_WARN_INT_CONVERSION = YES;
				CLANG_WARN_OBJC_ROOT_CLASS = YES_ERROR;
				CLANG_WARN_UNREACHABLE_CODE = YES;
				CLANG_WARN__DUPLICATE_METHOD_MATCH = YES;
				COPY_PHASE_STRIP = NO;
				DEBUG_INFORMATION_FORMAT = dwarf;
				ENABLE_STRICT_OBJC_MSGSEND = YES;
				ENABLE_TESTABILITY = YES;
				GCC_C_LANGUAGE_STANDARD = gnu99;
				GCC_DYNAMIC_NO_PIC = NO;
				GCC_NO_COMMON_BLOCKS = YES;
				GCC_OPTIMIZATION_LEVEL = 0;
				GCC_PREPROCESSOR_DEFINITIONS = (
					"DEBUG=1",
					"$(inherited)",
				);
				GCC_WARN_64_TO_32_BIT_CONVERSION = YES;
				GCC_WARN_ABOUT_RETURN_TYPE = YES_ERROR;
				GCC_WARN_UNDECLARED_SELECTOR = YES;
				GCC_WARN_UNINITIALIZED_AUTOS = YES_AGGRESSIVE;
				GCC_WARN_UNUSED_FUNCTION = YES;
				GCC_WARN_UNUSED_VARIABLE = YES;
				MACOSX_DEPLOYMENT_TARGET = 10.10;
				MTL_ENABLE_DEBUG_INFO = YES;
				ONLY_ACTIVE_ARCH = YES;
				SDKROOT = macosx;
			};
			name = Debug;
		};
		9B9F0D4F1B6C026E00511ADA /* Release */ = {
			isa = XCBuildConfiguration;
			buildSettings = {
				ALWAYS_SEARCH_USER_PATHS = NO;
				CLANG_CXX_LANGUAGE_STANDARD = "gnu++0x";
				CLANG_CXX_LIBRARY = "libc++";
				CLANG_ENABLE_MODULES = YES;
				CLANG_ENABLE_OBJC_ARC = YES;
				CLANG_WARN_BOOL_CONVERSION = YES;
				CLANG_WARN_CONSTANT_CONVERSION = YES;
				CLANG_WARN_DIRECT_OBJC_ISA_USAGE = YES_ERROR;
				CLANG_WARN_EMPTY_BODY = YES;
				CLANG_WARN_ENUM_CONVERSION = YES;
				CLANG_WARN_INT_CONVERSION = YES;
				CLANG_WARN_OBJC_ROOT_CLASS = YES_ERROR;
				CLANG_WARN_UNREACHABLE_CODE = YES;
				CLANG_WARN__DUPLICATE_METHOD_MATCH = YES;
				COPY_PHASE_STRIP = NO;
				DEBUG_INFORMATION_FORMAT = "dwarf-with-dsym";
				ENABLE_NS_ASSERTIONS = NO;
				ENABLE_STRICT_OBJC_MSGSEND = YES;
				GCC_C_LANGUAGE_STANDARD = gnu99;
				GCC_NO_COMMON_BLOCKS = YES;
				GCC_WARN_64_TO_32_BIT_CONVERSION = YES;
				GCC_WARN_ABOUT_RETURN_TYPE = YES_ERROR;
				GCC_WARN_UNDECLARED_SELECTOR = YES;
				GCC_WARN_UNINITIALIZED_AUTOS = YES_AGGRESSIVE;
				GCC_WARN_UNUSED_FUNCTION = YES;
				GCC_WARN_UNUSED_VARIABLE = YES;
				MACOSX_DEPLOYMENT_TARGET = 10.10;
				MTL_ENABLE_DEBUG_INFO = NO;
				SDKROOT = macosx;
			};
			name = Release;
		};
		9B9F0D511B6C026E00511ADA /* Debug */ = {
			isa = XCBuildConfiguration;
			buildSettings = {
				PRODUCT_NAME = "$(TARGET_NAME)";
			};
			name = Debug;
		};
		9B9F0D521B6C026E00511ADA /* Release */ = {
			isa = XCBuildConfiguration;
			buildSettings = {
				PRODUCT_NAME = "$(TARGET_NAME)";
			};
			name = Release;
		};
/* End XCBuildConfiguration section */

/* Begin XCConfigurationList section */
		9B9F0D441B6C026E00511ADA /* Build configuration list for PBXProject "FormatSpecifiers" */ = {
			isa = XCConfigurationList;
			buildConfigurations = (
				9B9F0D4E1B6C026E00511ADA /* Debug */,
				9B9F0D4F1B6C026E00511ADA /* Release */,
			);
			defaultConfigurationIsVisible = 0;
			defaultConfigurationName = Release;
		};
		9B9F0D501B6C026E00511ADA /* Build configuration list for PBXNativeTarget "FormatSpecifiers" */ = {
			isa = XCConfigurationList;
			buildConfigurations = (
				9B9F0D511B6C026E00511ADA /* Debug */,
				9B9F0D521B6C026E00511ADA /* Release */,
			);
			defaultConfigurationIsVisible = 0;
		};
/* End XCConfigurationList section */
	};
	rootObject = 9B9F0D411B6C026E00511ADA /* Project object */;
}
